# THIS IS AN AUTOGENERATED FILE. DO NOT EDIT THIS FILE DIRECTLY.
# yarn lockfile v1


"@babel/code-frame@^8.0.0":
  version "8.0.0"
  resolved "https://registry.npmjs.org/@babel/code-frame/-/code-frame-8.0.0.tgz"
  integrity sha512-dYYg153EyN2Ekbqw2zAsbd6/JR+9N2SEoC7YV2GyyqMM7x9bLDTjBD6XBhSMLH0wtIVyJj03jWNriQhaN+eoCw==
  dependencies:
    "@babel/helper-validator-identifier" "^8.0.0"
    js-tokens "^10.0.0"

"@babel/compat-data@^8.0.0":
  version "8.0.0"
  resolved "https://registry.npmjs.org/@babel/compat-data/-/compat-data-8.0.0.tgz"
  integrity sha512-DOjnob/cXOUgDOozCDeq/aK2p5y8dUIVdf6tNhEV1HQRd6I8aQ4f4fbtHRVEvb6lP3BGomrKHiS8ICAASSVQSw==

"@babel/core@^8.0.1":
  version "8.0.1"
  resolved "https://registry.npmjs.org/@babel/core/-/core-8.0.1.tgz"
  integrity sha512-5FgxM4dLQpMJHSiVATk8foW263dVHQHBVpXYiimNECVWG01f4nFyEbQixeT6Mwvg7TayREJ2gpKl3o2RoMdnqw==
  dependencies:
    "@babel/code-frame" "^8.0.0"
    "@babel/generator" "^8.0.0"
    "@babel/helper-compilation-targets" "^8.0.0"
    "@babel/helpers" "^8.0.0"
    "@babel/parser" "^8.0.0"
    "@babel/template" "^8.0.0"
    "@babel/traverse" "^8.0.0"
    "@babel/types" "^8.0.0"
    "@types/gensync" "^1.0.5"
    convert-source-map "^2.0.0"
    empathic "^2.0.1"
    gensync "^1.0.0-beta.2"
    import-meta-resolve "^4.2.0"
    json5 "^2.2.3"
    obug "^2.1.1"
    semver "^7.7.3"

"@babel/generator@^8.0.0":
  version "8.0.0"
  resolved "https://registry.npmjs.org/@babel/generator/-/generator-8.0.0.tgz"
  integrity sha512-NT9NrVwJsbSV6Y2FSstWa71EETOnzrjkL5/wX3D2mYHtKM+qvqB1DvR4D0Setb/gDBsHzRICifwEWMO8CnTF6g==
  dependencies:
    "@babel/parser" "^8.0.0"
    "@babel/types" "^8.0.0"
    "@jridgewell/gen-mapping" "^0.3.12"
    "@jridgewell/trace-mapping" "^0.3.28"
    "@types/jsesc" "^2.5.0"
    jsesc "^3.0.2"

"@babel/helper-annotate-as-pure@^8.0.0":
  version "8.0.0"
  resolved "https://registry.npmjs.org/@babel/helper-annotate-as-pure/-/helper-annotate-as-pure-8.0.0.tgz"
  integrity sha512-NSpMkMsvvZqzThJ0p1B02cbtA2ObEyfBvq950bmNkyxsxvcxwhvvCB036rKhlEnuBBo30bOrk13u3FzlKSoRrw==
  dependencies:
    "@babel/types" "^8.0.0"

"@babel/helper-compilation-targets@^8.0.0":
  version "8.0.0"
  resolved "https://registry.npmjs.org/@babel/helper-compilation-targets/-/helper-compilation-targets-8.0.0.tgz"
  integrity sha512-JwculLABZvyPvyLBpwU/E/IbH2uM3mnxNtIJpxnIfb24y1PrdVxK5Dqjle4DpgqpGRnwgC7G8IkzPdSXZrO1Ew==
  dependencies:
    "@babel/compat-data" "^8.0.0"
    "@babel/helper-validator-option" "^8.0.0"
    browserslist "^4.24.0"
    lru-cache "^11.0.0"
    semver "^7.7.3"

"@babel/helper-create-class-features-plugin@^8.0.1":
  version "8.0.1"
  resolved "https://registry.npmjs.org/@babel/helper-create-class-features-plugin/-/helper-create-class-features-plugin-8.0.1.tgz"
  integrity sha512-++t3ZktzlLmASAxIlxeXQK9Z2YwUafYGYcvGBFevqOqt16HozVHStUoQvWD09fzAZOb/uJGpUTBuGK41AJAuOA==
  dependencies:
    "@babel/helper-annotate-as-pure" "^8.0.0"
    "@babel/helper-member-expression-to-functions" "^8.0.0"
    "@babel/helper-optimise-call-expression" "^8.0.0"
    "@babel/helper-replace-supers" "^8.0.1"
    "@babel/helper-skip-transparent-expression-wrappers" "^8.0.0"
    "@babel/traverse" "^8.0.0"
    semver "^7.7.3"

"@babel/helper-create-regexp-features-plugin@^8.0.1":
  version "8.0.1"
  resolved "https://registry.npmjs.org/@babel/helper-create-regexp-features-plugin/-/helper-create-regexp-features-plugin-8.0.1.tgz"
  integrity sha512-PydTbcVTiIfVweHMeY1u3MslaD/ZzvnaTNhJp+7ghofelLWshF66Ckc/ZsjStfvRQIKQ4uVG0yEJucyDtyrWgw==
  dependencies:
    "@babel/helper-annotate-as-pure" "^8.0.0"
    regexpu-core "^6.3.1"
    semver "^7.7.3"

"@babel/helper-define-polyfill-provider@^1.0.0":
  version "1.0.0"
  resolved "https://registry.npmjs.org/@babel/helper-define-polyfill-provider/-/helper-define-polyfill-provider-1.0.0.tgz"
  integrity sha512-9jzVaTeZyXRDKTgUnNzcPQMO8y0ga3o+Z4fKjNet9Fcx7slgKa83qRbz0EwROSd6qO6CoEe/HQszqSPKb5lhkw==
  dependencies:
    "@babel/helper-compilation-targets" "^8.0.0"
    "@babel/helper-plugin-utils" "^8.0.0"
    lodash.debounce "^4.0.8"

"@babel/helper-globals@^8.0.0":
  version "8.0.0"
  resolved "https://registry.npmjs.org/@babel/helper-globals/-/helper-globals-8.0.0.tgz"
  integrity sha512-lLozHOM6sWWlxNo8CYqHy4MBZeTvHXNgVPBfPOGsjPKUzHC2Az9QwB6gxdQmpwHl6GlQtbGgS+lj5887guDiLw==

"@babel/helper-member-expression-to-functions@^8.0.0":
  version "8.0.0"
  resolved "https://registry.npmjs.org/@babel/helper-member-expression-to-functions/-/helper-member-expression-to-functions-8.0.0.tgz"
  integrity sha512-xkXrMbtk87Gk7+oKBVmBc6EORg/Qwx++AHESldmHkpvG8wgccdhJJFwrzqlF382Fk8wfXhJHWE/g/43QvEGNPQ==
  dependencies:
    "@babel/traverse" "^8.0.0"
    "@babel/types" "^8.0.0"

"@babel/helper-module-imports@^8.0.0":
  version "8.0.0"
  resolved "https://registry.npmjs.org/@babel/helper-module-imports/-/helper-module-imports-8.0.0.tgz"
  integrity sha512-NZ7mSS93o4ndX4KrbD7W8Sf3QT8Qe24PrnFyUcuOPDzK6faqDFKjY9RG7he7+I7FdiQ4llpnosFqzrXa+Vy3Ew==
  dependencies:
    "@babel/traverse" "^8.0.0"
    "@babel/types" "^8.0.0"

"@babel/helper-module-transforms@^8.0.1":
  version "8.0.1"
  resolved "https://registry.npmjs.org/@babel/helper-module-transforms/-/helper-module-transforms-8.0.1.tgz"
  integrity sha512-UgAhl1kqiW5ciE0yCXqqvnb4H2n3IELJ7lIIQRezwDPilPEZX5i+Rvbja9MFTkwUn2biEiSMeV31aUzR4Lwakw==
  dependencies:
    "@babel/helper-module-imports" "^8.0.0"
    "@babel/helper-validator-identifier" "^8.0.0"
    "@babel/traverse" "^8.0.0"

"@babel/helper-optimise-call-expression@^8.0.0":
  version "8.0.0"
  resolved "https://registry.npmjs.org/@babel/helper-optimise-call-expression/-/helper-optimise-call-expression-8.0.0.tgz"
  integrity sha512-3W6satvtPuCUkUx63S2jMoW9EQNYkADgs1HTfufmL7gCmAulHMKupA/12WNz4A0GMMFn/YnWWwqOT9IZrJHQjg==
  dependencies:
    "@babel/types" "^8.0.0"

"@babel/helper-plugin-utils@^8.0.0", "@babel/helper-plugin-utils@^8.0.1":
  version "8.0.1"
  resolved "https://registry.npmjs.org/@babel/helper-plugin-utils/-/helper-plugin-utils-8.0.1.tgz"
  integrity sha512-3PKFgjTyPlhFhorfP+SjKQxLViIL++zWjFOO4hGriYU+Bsm983DxEM1JmDRJVWXV0O9npu+xXRqz7Pbd3mh70g==

"@babel/helper-remap-async-to-generator@^8.0.1":
  version "8.0.1"
  resolved "https://registry.npmjs.org/@babel/helper-remap-async-to-generator/-/helper-remap-async-to-generator-8.0.1.tgz"
  integrity sha512-baAKuLEMmu6BCSY3tuiU7qglM1qOZt6F1SrFScA241oNqksxkxfEZEKztlGRmoVns9AQ5UgArH7RsUEjxWnzgQ==
  dependencies:
    "@babel/helper-annotate-as-pure" "^8.0.0"
    "@babel/helper-wrap-function" "^8.0.0"
    "@babel/traverse" "^8.0.0"

"@babel/helper-replace-supers@^8.0.1":
  version "8.0.1"
  resolved "https://registry.npmjs.org/@babel/helper-replace-supers/-/helper-replace-supers-8.0.1.tgz"
  integrity sha512-B1SZADIcy3tmH8CmWvj4SHi/oAPom4UL3uknTc2QRNsPVLFk/sPnZvQL/8kj7Y5omvjMqie0vklvs6XM4OLW5Q==
  dependencies:
    "@babel/helper-member-expression-to-functions" "^8.0.0"
    "@babel/helper-optimise-call-expression" "^8.0.0"
    "@babel/traverse" "^8.0.0"

"@babel/helper-skip-transparent-expression-wrappers@^8.0.0":
  version "8.0.0"
  resolved "https://registry.npmjs.org/@babel/helper-skip-transparent-expression-wrappers/-/helper-skip-transparent-expression-wrappers-8.0.0.tgz"
  integrity sha512-xmCA9kP3IhySsqhzwIdWGlDN/1A4cCKNBO/uwZx/3YzmDoMePwno2Q5/Bq0q+tYaKbeF940YiKV/kaW8Mzvpjw==
  dependencies:
    "@babel/traverse" "^8.0.0"
    "@babel/types" "^8.0.0"

"@babel/helper-string-parser@^8.0.0":
  version "8.0.0"
  resolved "https://registry.npmjs.org/@babel/helper-string-parser/-/helper-string-parser-8.0.0.tgz"
  integrity sha512-6mJgmFFFIIO82vvoLt9XtRC7/TkzXfts1t/SpRX4IHSzMgqoPYCWesVu1udUPUWioAE/2fcG6WuI8zrkE1gwrg==

"@babel/helper-validator-identifier@^8.0.0":
  version "8.0.2"
  resolved "https://registry.npmjs.org/@babel/helper-validator-identifier/-/helper-validator-identifier-8.0.2.tgz"
  integrity sha512-9Fr9QeyCAyi1BR1jKZ6uYQ24EIhQUx5ReHfQU7drOE+TPOb+w11/dsqLkMOT2U29OdCT71XajrOT8xDc1C7orA==

"@babel/helper-validator-option@^8.0.0":
  version "8.0.0"
  resolved "https://registry.npmjs.org/@babel/helper-validator-option/-/helper-validator-option-8.0.0.tgz"
  integrity sha512-U4Dybxh4WESWHt5XhBeExi4DrY0/DNK1aHpQbsrQXCUbFHuMweT0TpLEWKvaraV2Y6fS+ZXunsZ8zIuZIgvF2Q==

"@babel/helper-wrap-function@^8.0.0":
  version "8.0.0"
  resolved "https://registry.npmjs.org/@babel/helper-wrap-function/-/helper-wrap-function-8.0.0.tgz"
  integrity sha512-Qpm8+wi5xfDkBfollanwriCcKniFfBmMmaKB01GVM6VGzKXo1fdxosZp04qEr5HM+LKhwr3hG1yRy8+ORsficA==
  dependencies:
    "@babel/template" "^8.0.0"
    "@babel/traverse" "^8.0.0"
    "@babel/types" "^8.0.0"

"@babel/helpers@^8.0.0":
  version "8.0.0"
  resolved "https://registry.npmjs.org/@babel/helpers/-/helpers-8.0.0.tgz"
  integrity sha512-wfbi91pM3py96oIiJEz7qIpyXDytgr9zQC1HEWwlGNVRAEmItuU/0a41ZUKu1sJGyhhOIpc4t5vk4PYzt8wpsg==
  dependencies:
    "@babel/template" "^8.0.0"
    "@babel/types" "^8.0.0"

"@babel/parser@^8.0.0":
  version "8.0.0"
  resolved "https://registry.npmjs.org/@babel/parser/-/parser-8.0.0.tgz"
  integrity sha512-aLxAE+imI9bCcyaPrUDjBv3uSkWieifjLe0kuFOZF0zli0L6GCsTmsePnTr55adbIAgYz2zhN1vnFimCBUYcRQ==
  dependencies:
    "@babel/types" "^8.0.0"

"@babel/plugin-bugfix-firefox-class-in-computed-class-key@^8.0.1":
  version "8.0.1"
  resolved "https://registry.npmjs.org/@babel/plugin-bugfix-firefox-class-in-computed-class-key/-/plugin-bugfix-firefox-class-in-computed-class-key-8.0.1.tgz"
  integrity sha512-Ytgjjne4RnG3Oig7ik+NfY4ebRY30BPptVkkyu1f72eINJXRM3/bkU++tIc5aPvyLmo4KH20avq0xJ2o+9aEnw==
  dependencies:
    "@babel/helper-plugin-utils" "^8.0.1"

"@babel/plugin-bugfix-safari-class-field-initializer-scope@^8.0.1":
  version "8.0.1"
  resolved "https://registry.npmjs.org/@babel/plugin-bugfix-safari-class-field-initializer-scope/-/plugin-bugfix-safari-class-field-initializer-scope-8.0.1.tgz"
  integrity sha512-X7pAMBhuKluA7UfwZNvKN0XVVu/AGeo84Z75eJl85rcb8J2aBzLK92btahM1X5h0oi0QIrbe0qIMA/0+4Buk7w==
  dependencies:
    "@babel/helper-plugin-utils" "^8.0.1"

"@babel/plugin-bugfix-safari-id-destructuring-collision-in-function-expression@^8.0.1":
  version "8.0.1"
  resolved "https://registry.npmjs.org/@babel/plugin-bugfix-safari-id-destructuring-collision-in-function-expression/-/plugin-bugfix-safari-id-destructuring-collision-in-function-expression-8.0.1.tgz"
  integrity sha512-DJviKTxYfH0hFwnMiW4dnPyMGzS3Hrr4zUfXl1zwQ0QiGlGlNYklLoPSYEQr8S7nau0/K7NdQjTh0qbYuyFjCA==
  dependencies:
    "@babel/helper-plugin-utils" "^8.0.1"

"@babel/plugin-bugfix-safari-rest-destructuring-rhs-array@^8.0.1":
  version "8.0.1"
  resolved "https://registry.npmjs.org/@babel/plugin-bugfix-safari-rest-destructuring-rhs-array/-/plugin-bugfix-safari-rest-destructuring-rhs-array-8.0.1.tgz"
  integrity sha512-DmR/N+B9+4PbURFj4+zdnWj49/PFAnK2bn8+E4ZAmwn3J5QCxnbG7Ep6aRfz9M8Aw+rBro0kIJQycvzFpl4buQ==
  dependencies:
    "@babel/helper-plugin-utils" "^8.0.1"
    "@babel/helper-skip-transparent-expression-wrappers" "^8.0.0"

"@babel/plugin-bugfix-v8-spread-parameters-in-optional-chaining@^8.0.1":
  version "8.0.1"
  resolved "https://registry.npmjs.org/@babel/plugin-bugfix-v8-spread-parameters-in-optional-chaining/-/plugin-bugfix-v8-spread-parameters-in-optional-chaining-8.0.1.tgz"
  integrity sha512-x8bi0LFVD2xkULjfNn+hCMg16yAFHAM9fS/ThSFeYBi+0MP9K6qcY2BZb4urUwC7PYtEy5wPe6TKjOEjXrCGFA==
  dependencies:
    "@babel/helper-plugin-utils" "^8.0.1"
    "@babel/helper-skip-transparent-expression-wrappers" "^8.0.0"
    "@babel/plugin-transform-optional-chaining" "^8.0.1"

"@babel/plugin-bugfix-v8-static-class-fields-redefine-readonly@^8.0.1":
  version "8.0.1"
  resolved "https://registry.npmjs.org/@babel/plugin-bugfix-v8-static-class-fields-redefine-readonly/-/plugin-bugfix-v8-static-class-fields-redefine-readonly-8.0.1.tgz"
  integrity sha512-P8+RN2n7ts2s1vnE+lXdHYf+dhnmcGSen/kWzBsVluT9Sey5AqmcRXYWlHqgQxaNlKTD5YMa1tf5z4d1v8W88w==
  dependencies:
    "@babel/helper-plugin-utils" "^8.0.1"

"@babel/plugin-transform-arrow-functions@^8.0.1":
  version "8.0.1"
  resolved "https://registry.npmjs.org/@babel/plugin-transform-arrow-functions/-/plugin-transform-arrow-functions-8.0.1.tgz"
  integrity sha512-o/gr7kRlq3PKLLuYth4udOsrC7geBerti+QtwPeyxMOsEQO1d8kDHqk9r2PtMx2y9i8FG7tzyTerfv1yMLSMsQ==
  dependencies:
    "@babel/helper-plugin-utils" "^8.0.1"

"@babel/plugin-transform-async-generator-functions@^8.0.1":
  version "8.0.1"
  resolved "https://registry.npmjs.org/@babel/plugin-transform-async-generator-functions/-/plugin-transform-async-generator-functions-8.0.1.tgz"
  integrity sha512-kqnSMF1YHBzuiQrl68675i5Ma1oljvo+SJsNEZFZVBu5BUrVIZm9KId3ui2PdtLK2sv2zM8sJnjPDfgLxQlEqQ==
  dependencies:
    "@babel/helper-plugin-utils" "^8.0.1"
    "@babel/helper-remap-async-to-generator" "^8.0.1"
    "@babel/traverse" "^8.0.0"

"@babel/plugin-transform-async-to-generator@^8.0.1":
  version "8.0.1"
  resolved "https://registry.npmjs.org/@babel/plugin-transform-async-to-generator/-/plugin-transform-async-to-generator-8.0.1.tgz"
  integrity sha512-e1jmmEU4p2Lx64sA1+EF8e8/RxPuegzbXcEbmFp5alDyLE+f2ViUpZ77bRWMXzihTwgVVmn/TOpqDbAuS5g1Ew==
  dependencies:
    "@babel/helper-module-imports" "^8.0.0"
    "@babel/helper-plugin-utils" "^8.0.1"
    "@babel/helper-remap-async-to-generator" "^8.0.1"

"@babel/plugin-transform-block-scoped-functions@^8.0.1":
  version "8.0.1"
  resolved "https://registry.npmjs.org/@babel/plugin-transform-block-scoped-functions/-/plugin-transform-block-scoped-functions-8.0.1.tgz"
  integrity sha512-0V97/gcf7LIgPieEiK1YT0eXa18XJFSLOTZjzEZhA9SJIqZhD/IwGUrCitBzXSmnGCP7hchwC6svHtJ/Eidcpg==
  dependencies:
    "@babel/helper-plugin-utils" "^8.0.1"

"@babel/plugin-transform-block-scoping@^8.0.1":
  version "8.0.1"
  resolved "https://registry.npmjs.org/@babel/plugin-transform-block-scoping/-/plugin-transform-block-scoping-8.0.1.tgz"
  integrity sha512-HxiQvKsSCs2jOmMhjDrooHaZYOy6W8bqwXp/zjdgPjsNrda6tK9/CH3a/cVIeg6ge3hSS02ALqvqgIo4rTsuSg==
  dependencies:
    "@babel/helper-plugin-utils" "^8.0.1"

"@babel/plugin-transform-class-properties@^8.0.1":
  version "8.0.1"
  resolved "https://registry.npmjs.org/@babel/plugin-transform-class-properties/-/plugin-transform-class-properties-8.0.1.tgz"
  integrity sha512-tORnYiVhIHnKj90TgbSZXrO24f9oEpA6MgFxpIDSKKlHv7AzBIRhkMlYevanueLNYaQXqZWarfCgXM4bWTfNiw==
  dependencies:
    "@babel/helper-create-class-features-plugin" "^8.0.1"
    "@babel/helper-plugin-utils" "^8.0.1"

"@babel/plugin-transform-class-static-block@^8.0.1":
  version "8.0.1"
  resolved "https://registry.npmjs.org/@babel/plugin-transform-class-static-block/-/plugin-transform-class-static-block-8.0.1.tgz"
  integrity sha512-NEVK+L0Le8h8tJ+IK0CGS5y9Yi1ZHxLj6M5PeanhMFuq9aSo0XI+Wtmbuyop6fTNukOm7ORNntf/kwid891vqQ==
  dependencies:
    "@babel/helper-create-class-features-plugin" "^8.0.1"
    "@babel/helper-plugin-utils" "^8.0.1"

"@babel/plugin-transform-classes@^8.0.1":
  version "8.0.1"
  resolved "https://registry.npmjs.org/@babel/plugin-transform-classes/-/plugin-transform-classes-8.0.1.tgz"
  integrity sha512-phwyCES8kIMAdVOFw25ztmgAvkl2G+TvUv7azUYyrlR1Qoo3eLJC/MU3MGUKFZ4BWtsJ1NTJM1lKRLzKbswg7w==
  dependencies:
    "@babel/helper-annotate-as-pure" "^8.0.0"
    "@babel/helper-compilation-targets" "^8.0.0"
    "@babel/helper-globals" "^8.0.0"
    "@babel/helper-plugin-utils" "^8.0.1"
    "@babel/helper-replace-supers" "^8.0.1"
    "@babel/traverse" "^8.0.0"

"@babel/plugin-transform-computed-properties@^8.0.1":
  version "8.0.1"
  resolved "https://registry.npmjs.org/@babel/plugin-transform-computed-properties/-/plugin-transform-computed-properties-8.0.1.tgz"
  integrity sha512-i4l3OGLO8DUDcwdnyraOvILbhqdUf4QgfzhVxSOSzRy49XKXrY7pwaSg9gDSKmhZfNPrEMciBSJSciQh/CjB1A==
  dependencies:
    "@babel/helper-plugin-utils" "^8.0.1"

"@babel/plugin-transform-destructuring@^8.0.1":
  version "8.0.1"
  resolved "https://registry.npmjs.org/@babel/plugin-transform-destructuring/-/plugin-transform-destructuring-8.0.1.tgz"
  integrity sha512-RtR8uLDl0QcCmqMNIkM8gmDeYZ3rS0ZH+sa+I6sfc09yFoqfp9AEPgBstq9KyfVb0lFCVSRFfJXCI70FIl5ccw==
  dependencies:
    "@babel/helper-plugin-utils" "^8.0.1"

"@babel/plugin-transform-dotall-regex@^8.0.1":
  version "8.0.1"
  resolved "https://registry.npmjs.org/@babel/plugin-transform-dotall-regex/-/plugin-transform-dotall-regex-8.0.1.tgz"
  integrity sha512-czOUoSaZljJ92yu+bYlXqb/UBN8K9daNCob/B6/7nthSvfGP6YhCnfqD64XWfyb2dN4ypxALNplApoJrsMd4fw==
  dependencies:
    "@babel/helper-create-regexp-features-plugin" "^8.0.1"
    "@babel/helper-plugin-utils" "^8.0.1"

"@babel/plugin-transform-duplicate-keys@^8.0.1":
  version "8.0.1"
  resolved "https://registry.npmjs.org/@babel/plugin-transform-duplicate-keys/-/plugin-transform-duplicate-keys-8.0.1.tgz"
  integrity sha512-kNnVLkxFUEcTtCyB5PFVQ5Xoy88Bk1lU/ZgDu97CW8eNhRH2Wsiy8Sq5l5dFnwtIUYjzsXHU77jUy1W5AtGSIw==
  dependencies:
    "@babel/helper-plugin-utils" "^8.0.1"

"@babel/plugin-transform-duplicate-named-capturing-groups-regex@^8.0.1":
  version "8.0.1"
  resolved "https://registry.npmjs.org/@babel/plugin-transform-duplicate-named-capturing-groups-regex/-/plugin-transform-duplicate-named-capturing-groups-regex-8.0.1.tgz"
  integrity sha512-Tv43P47o6fuHgBL7HLHQg3WKXohW9CEUGjLtnCDW27yJLK0zKUdTTqREbZbycNHA83hewMjde5tF6ekrHu9bAA==
  dependencies:
    "@babel/helper-create-regexp-features-plugin" "^8.0.1"
    "@babel/helper-plugin-utils" "^8.0.1"

"@babel/plugin-transform-dynamic-import@^8.0.1":
  version "8.0.1"
  resolved "https://registry.npmjs.org/@babel/plugin-transform-dynamic-import/-/plugin-transform-dynamic-import-8.0.1.tgz"
  integrity sha512-AS9GlgKc43tJNRu7yOvLaTko4qmdOb+8M69uNS8i421WLO20eVez7LdG5khKdi8E0LIQpYzzzdGIrdXWnO753g==
  dependencies:
    "@babel/helper-plugin-utils" "^8.0.1"

"@babel/plugin-transform-explicit-resource-management@^8.0.1":
  version "8.0.1"
  resolved "https://registry.npmjs.org/@babel/plugin-transform-explicit-resource-management/-/plugin-transform-explicit-resource-management-8.0.1.tgz"
  integrity sha512-VzDIYwBlLCpV6mJfloRdJm8HmYnMqs7O+bGha8yfg2kP7jAdxeCw6yZBVBeaKKQUThtSU52iy+3lB7DhYsbOBA==
  dependencies:
    "@babel/helper-plugin-utils" "^8.0.1"
    "@babel/plugin-transform-destructuring" "^8.0.1"

"@babel/plugin-transform-exponentiation-operator@^8.0.1":
  version "8.0.1"
  resolved "https://registry.npmjs.org/@babel/plugin-transform-exponentiation-operator/-/plugin-transform-exponentiation-operator-8.0.1.tgz"
  integrity sha512-DsZvUUklUmDQ7d2vp+VjqgUWD51mGxhZZ1FPdPP9Hcj0vsgGUKX+zEBGp/vzB1O5PZUxWT/Euq5fu39M9dm9wg==
  dependencies:
    "@babel/helper-plugin-utils" "^8.0.1"

"@babel/plugin-transform-export-namespace-from@^8.0.1":
  version "8.0.1"
  resolved "https://registry.npmjs.org/@babel/plugin-transform-export-namespace-from/-/plugin-transform-export-namespace-from-8.0.1.tgz"
  integrity sha512-bFzznm46bvWGaTYKle3iolbBJ+oPBfUjwCPesxlFE3SQ7DaY9EHf/8Y5ZzrodKJi8JDdcAyaVWaDUSVyhULh0g==
  dependencies:
    "@babel/helper-plugin-utils" "^8.0.1"

"@babel/plugin-transform-for-of@^8.0.1":
  version "8.0.1"
  resolved "https://registry.npmjs.org/@babel/plugin-transform-for-of/-/plugin-transform-for-of-8.0.1.tgz"
  integrity sha512-rpeXtgELjpIBQH/+YmyFlD9timPEVCyqY+TNednzoeoTYvXSBEeUvYnYE+BK8rB8m6hHiNK7aL9QWKhGifEJCw==
  dependencies:
    "@babel/helper-plugin-utils" "^8.0.1"
    "@babel/helper-skip-transparent-expression-wrappers" "^8.0.0"

"@babel/plugin-transform-function-name@^8.0.1":
  version "8.0.1"
  resolved "https://registry.npmjs.org/@babel/plugin-transform-function-name/-/plugin-transform-function-name-8.0.1.tgz"
  integrity sha512-H1L/JfPf3CqmubuaiZaquXKQ8MRs4YWSsgRllkTviM8TafcCNnlvc4/fJZ3rXP8HmFM+/Bg+TlsPehUI9BtDFA==
  dependencies:
    "@babel/helper-compilation-targets" "^8.0.0"
    "@babel/helper-plugin-utils" "^8.0.1"

"@babel/plugin-transform-json-strings@^8.0.1":
  version "8.0.1"
  resolved "https://registry.npmjs.org/@babel/plugin-transform-json-strings/-/plugin-transform-json-strings-8.0.1.tgz"
  integrity sha512-Mowp8X0J6p7ZehLU82B5e65te2uuSeDHyxrEROwEAS2VKXNXssfw5ZMqhY7k9iXTsOv1Xs/49G3lDCj9Vvw8qQ==
  dependencies:
    "@babel/helper-plugin-utils" "^8.0.1"

"@babel/plugin-transform-literals@^8.0.1":
  version "8.0.1"
  resolved "https://registry.npmjs.org/@babel/plugin-transform-literals/-/plugin-transform-literals-8.0.1.tgz"
  integrity sha512-ai7kfPRcfyUV1EszXoF1PvL3IuJoCuH08WSEPoRcJTWfZZ55VL/rcfvbVY16QLA3jjbzzSneQSoCtD3L6OyUjw==
  dependencies:
    "@babel/helper-plugin-utils" "^8.0.1"

"@babel/plugin-transform-logical-assignment-operators@^8.0.1":
  version "8.0.1"
  resolved "https://registry.npmjs.org/@babel/plugin-transform-logical-assignment-operators/-/plugin-transform-logical-assignment-operators-8.0.1.tgz"
  integrity sha512-Emvtr5zkEGyCNAmt+qKD5EUh8G0RbxV9EZWrDdX0LuVy5tBq1B3fOIslvVF9aCJmpnwS/AvAT53b9LxAZyXlng==
  dependencies:
    "@babel/helper-plugin-utils" "^8.0.1"

"@babel/plugin-transform-member-expression-literals@^8.0.1":
  version "8.0.1"
  resolved "https://registry.npmjs.org/@babel/plugin-transform-member-expression-literals/-/plugin-transform-member-expression-literals-8.0.1.tgz"
  integrity sha512-3Axi9abnyGsm/hh6DsKPZ1Cr9fTtKqS7w0Ig5g12mU269YclpH8pV3xMln2vPLexXgUp6S6L+I06d9/YOLfRKA==
  dependencies:
    "@babel/helper-plugin-utils" "^8.0.1"

"@babel/plugin-transform-modules-amd@^8.0.1":
  version "8.0.1"
  resolved "https://registry.npmjs.org/@babel/plugin-transform-modules-amd/-/plugin-transform-modules-amd-8.0.1.tgz"
  integrity sha512-FDdhET8y1YFDNRuoynqSf23WTzbBBpbIB2oRrlFX7YYm9uWtFvJDSD1r/epBSjfPkOjeaaLgRW9xNnt3JGx46A==
  dependencies:
    "@babel/helper-module-transforms" "^8.0.1"
    "@babel/helper-plugin-utils" "^8.0.1"

"@babel/plugin-transform-modules-commonjs@^8.0.1":
  version "8.0.1"
  resolved "https://registry.npmjs.org/@babel/plugin-transform-modules-commonjs/-/plugin-transform-modules-commonjs-8.0.1.tgz"
  integrity sha512-PMuzulWrrzFNmY3lXSk/tV9NRb7y0eZZLJY4UEo2TKszroxvUZHAPPi+T9FDyrQhod+TQA+t+8/QYaaMpiEuhA==
  dependencies:
    "@babel/helper-module-transforms" "^8.0.1"
    "@babel/helper-plugin-utils" "^8.0.1"

"@babel/plugin-transform-modules-systemjs@^8.0.1":
  version "8.0.1"
  resolved "https://registry.npmjs.org/@babel/plugin-transform-modules-systemjs/-/plugin-transform-modules-systemjs-8.0.1.tgz"
  integrity sha512-0NEHanXmnFEnfT2dLKTXnu7m8GXFsnxRgteBC2aH21hYMBwAgxu5dcTdi/Eg+ToI1HbZe0CHwz4XRLgRNQhYoQ==
  dependencies:
    "@babel/helper-module-transforms" "^8.0.1"
    "@babel/helper-plugin-utils" "^8.0.1"
    "@babel/helper-validator-identifier" "^8.0.0"

"@babel/plugin-transform-modules-umd@^8.0.1":
  version "8.0.1"
  resolved "https://registry.npmjs.org/@babel/plugin-transform-modules-umd/-/plugin-transform-modules-umd-8.0.1.tgz"
  integrity sha512-XKTa2J2MdkmbVEeChq9f7Or0VYcsF0NyVBgytRyeN9F+J+ETAB2SHhfkG4toz/ssuU0i+h/QgJ6ddo5YakSQcA==
  dependencies:
    "@babel/helper-module-transforms" "^8.0.1"
    "@babel/helper-plugin-utils" "^8.0.1"

"@babel/plugin-transform-named-capturing-groups-regex@^8.0.1":
  version "8.0.1"
  resolved "https://registry.npmjs.org/@babel/plugin-transform-named-capturing-groups-regex/-/plugin-transform-named-capturing-groups-regex-8.0.1.tgz"
  integrity sha512-zCHu+Jr2gTdJE48lN9SV/kXueCW2M79mKtKJc/ttfzzr/jvgdQdCd17RADMqFRQc/25MLxdtjTmlD0HSAMOlIQ==
  dependencies:
    "@babel/helper-create-regexp-features-plugin" "^8.0.1"
    "@babel/helper-plugin-utils" "^8.0.1"

"@babel/plugin-transform-new-target@^8.0.1":
  version "8.0.1"
  resolved "https://registry.npmjs.org/@babel/plugin-transform-new-target/-/plugin-transform-new-target-8.0.1.tgz"
  integrity sha512-QSQxVg1x4PuOuhWUs4Y9u+x9Y+ER8z6G3tC+bDLBzvoOrNLJrEBQLRnwrTP8e5klihAw6Z+e9X5RjdAKcAGapA==
  dependencies:
    "@babel/helper-plugin-utils" "^8.0.1"

"@babel/plugin-transform-nullish-coalescing-operator@^8.0.1":
  version "8.0.1"
  resolved "https://registry.npmjs.org/@babel/plugin-transform-nullish-coalescing-operator/-/plugin-transform-nullish-coalescing-operator-8.0.1.tgz"
  integrity sha512-AgCJAmQLF7+PtsK79wJqr4xJ2StHCXlz7JL5CVFP4HejJx25Tk6yl1ZrXvi0cKh3VGDVnfVxefxnrpsBirgpyQ==
  dependencies:
    "@babel/helper-plugin-utils" "^8.0.1"

"@babel/plugin-transform-numeric-separator@^8.0.1":
  version "8.0.1"
  resolved "https://registry.npmjs.org/@babel/plugin-transform-numeric-separator/-/plugin-transform-numeric-separator-8.0.1.tgz"
  integrity sha512-it2DmUyLIA1GQUXlFDEnI+/G89mTgxndnAiZYpW8xYR6LboblfirMqiWJeTna5uypQJg7viTT4D1iEURRtFcfw==
  dependencies:
    "@babel/helper-plugin-utils" "^8.0.1"

"@babel/plugin-transform-object-rest-spread@^8.0.1":
  version "8.0.1"
  resolved "https://registry.npmjs.org/@babel/plugin-transform-object-rest-spread/-/plugin-transform-object-rest-spread-8.0.1.tgz"
  integrity sha512-VmxkDu6bBdbxRzqn6E93hYucug4OVa6svSO19W//vVzNUGAmQzk3QRyHyyEtfcjSLR3NWfRsWwVM9zExLmd+2w==
  dependencies:
    "@babel/helper-compilation-targets" "^8.0.0"
    "@babel/helper-plugin-utils" "^8.0.1"
    "@babel/plugin-transform-destructuring" "^8.0.1"
    "@babel/plugin-transform-parameters" "^8.0.1"

"@babel/plugin-transform-object-super@^8.0.1":
  version "8.0.1"
  resolved "https://registry.npmjs.org/@babel/plugin-transform-object-super/-/plugin-transform-object-super-8.0.1.tgz"
  integrity sha512-fDkPXRTRKGm25bAq01q82UM4ypPqdVXCwphUUm4t1dL01fGIG0v8KRvT+4BjhMAtRxtPuI34t5Vs7yjRgs3ZgQ==
  dependencies:
    "@babel/helper-plugin-utils" "^8.0.1"
    "@babel/helper-replace-supers" "^8.0.1"

"@babel/plugin-transform-optional-catch-binding@^8.0.1":
  version "8.0.1"
  resolved "https://registry.npmjs.org/@babel/plugin-transform-optional-catch-binding/-/plugin-transform-optional-catch-binding-8.0.1.tgz"
  integrity sha512-b2OQ74uGliyATcasTjxGy2O/86UI/n+EN4juB4EMfEwTi9j9uq70PuP0L8fW77vfRY66gO/YoTo/WbIdQ/Si1g==
  dependencies:
    "@babel/helper-plugin-utils" "^8.0.1"

"@babel/plugin-transform-optional-chaining@^8.0.1":
  version "8.0.1"
  resolved "https://registry.npmjs.org/@babel/plugin-transform-optional-chaining/-/plugin-transform-optional-chaining-8.0.1.tgz"
  integrity sha512-WtRS1c94lZGpGHxYLXMEWeoMVcuv8nkiyr8BTs6OYZv7N3Y9xVE8nbdFIl4lDJH6aH8/pLhqAQOL69d/WI9WdA==
  dependencies:
    "@babel/helper-plugin-utils" "^8.0.1"
    "@babel/helper-skip-transparent-expression-wrappers" "^8.0.0"

"@babel/plugin-transform-parameters@^8.0.1":
  version "8.0.1"
  resolved "https://registry.npmjs.org/@babel/plugin-transform-parameters/-/plugin-transform-parameters-8.0.1.tgz"
  integrity sha512-IIwRqroW0CYQwR6+3pnmu27z+H98poScWdnov8z6osumMeEsFxAFBBsDS2CFk2jFpPlGqVr89jK/HXO6i5DzxQ==
  dependencies:
    "@babel/helper-plugin-utils" "^8.0.1"

"@babel/plugin-transform-private-methods@^8.0.1":
  version "8.0.1"
  resolved "https://registry.npmjs.org/@babel/plugin-transform-private-methods/-/plugin-transform-private-methods-8.0.1.tgz"
  integrity sha512-TrFCGcXaVDh6S5IRhmLSRTY9H80VTCMQWnZtzBRg4RWg3KCLmdmsmj4M15kZAPZfoPkWL/SJb4em3Py/vOiX8g==
  dependencies:
    "@babel/helper-create-class-features-plugin" "^8.0.1"
    "@babel/helper-plugin-utils" "^8.0.1"

"@babel/plugin-transform-private-property-in-object@^8.0.1":
  version "8.0.1"
  resolved "https://registry.npmjs.org/@babel/plugin-transform-private-property-in-object/-/plugin-transform-private-property-in-object-8.0.1.tgz"
  integrity sha512-e+yfOqSYBZaf3PARpiQkjZrpWYgmcFLhK+1tevh2CpHR1O9/36IdyPnAZusESX5nzVV/XZTDAtQBRLa8HPT5Dw==
  dependencies:
    "@babel/helper-annotate-as-pure" "^8.0.0"
    "@babel/helper-create-class-features-plugin" "^8.0.1"
    "@babel/helper-plugin-utils" "^8.0.1"

"@babel/plugin-transform-property-literals@^8.0.1":
  version "8.0.1"
  resolved "https://registry.npmjs.org/@babel/plugin-transform-property-literals/-/plugin-transform-property-literals-8.0.1.tgz"
  integrity sha512-Z/qx4cxUtYR1nt7XWRutObPxDks98fEYsjWbVeKEqZH6y3AGknmgzCqmHf2FHWZCl1DfoPeuJY+3hZ+35D+2tg==
  dependencies:
    "@babel/helper-plugin-utils" "^8.0.1"

"@babel/plugin-transform-regenerator@^8.0.2":
  version "8.0.2"
  resolved "https://registry.npmjs.org/@babel/plugin-transform-regenerator/-/plugin-transform-regenerator-8.0.2.tgz"
  integrity sha512-aFfsjCRYducRV4dPnpsBbdRkLjboca9FVDg6HZCgy0Ahvk2ZQ/2exmCRC5qS9P6rsWwrmIheNaIM6A1j2F8KMA==
  dependencies:
    "@babel/helper-plugin-utils" "^8.0.1"

"@babel/plugin-transform-regexp-modifiers@^8.0.1":
  version "8.0.1"
  resolved "https://registry.npmjs.org/@babel/plugin-transform-regexp-modifiers/-/plugin-transform-regexp-modifiers-8.0.1.tgz"
  integrity sha512-02ITRDBesPdTYU0oShAzERwEPzozOUQSXlz3qrt8JGuhalBJQv9z5NjgHJPC9sS3Fsam8gDtfAEpBnqZwUIdjQ==
  dependencies:
    "@babel/helper-create-regexp-features-plugin" "^8.0.1"
    "@babel/helper-plugin-utils" "^8.0.1"

"@babel/plugin-transform-reserved-words@^8.0.1":
  version "8.0.1"
  resolved "https://registry.npmjs.org/@babel/plugin-transform-reserved-words/-/plugin-transform-reserved-words-8.0.1.tgz"
  integrity sha512-+aykZi7ZP3U84veqfJXm3HhPZGddWFi64g7jr0ni6tb1zel+1ey+SL+IRKPoZXFyFqvYEsoqrmx4PyEJRlHl/Q==
  dependencies:
    "@babel/helper-plugin-utils" "^8.0.1"

"@babel/plugin-transform-shorthand-properties@^8.0.1":
  version "8.0.1"
  resolved "https://registry.npmjs.org/@babel/plugin-transform-shorthand-properties/-/plugin-transform-shorthand-properties-8.0.1.tgz"
  integrity sha512-JddANd9yPVH8dYgVoNkqAH5BftnsDxFpG51Zas7sc6F3poz5QWcejHNGO8a/57IX5ByjGSzEmYk9Z7ZMa5MWaw==
  dependencies:
    "@babel/helper-plugin-utils" "^8.0.1"

"@babel/plugin-transform-spread@^8.0.1":
  version "8.0.1"
  resolved "https://registry.npmjs.org/@babel/plugin-transform-spread/-/plugin-transform-spread-8.0.1.tgz"
  integrity sha512-O9Bw9FyxlSw1SlMg3S82/GKNZ0x77RPbHezotEy1JTlIM/vk6WO8jW1iF+iTiKLOXNvi+b+LZ9t77Gi+Q0FhGg==
  dependencies:
    "@babel/helper-plugin-utils" "^8.0.1"
    "@babel/helper-skip-transparent-expression-wrappers" "^8.0.0"

"@babel/plugin-transform-sticky-regex@^8.0.1":
  version "8.0.1"
  resolved "https://registry.npmjs.org/@babel/plugin-transform-sticky-regex/-/plugin-transform-sticky-regex-8.0.1.tgz"
  integrity sha512-IsVP6WrZZQdaG2zLmeKwWiI+ua2NB5L1+f77C2/8z2NCDz7uxlIA/lnwocYOJk9PXcOC2sZgRls3LN4XpNduzQ==
  dependencies:
    "@babel/helper-plugin-utils" "^8.0.1"

"@babel/plugin-transform-template-literals@^8.0.1":
  version "8.0.1"
  resolved "https://registry.npmjs.org/@babel/plugin-transform-template-literals/-/plugin-transform-template-literals-8.0.1.tgz"
  integrity sha512-JXvtj5+BJA9Qv3prDzW2z2DkGTJNmG0BObTdUD03STiu1Jr4fNQkQy3hYZgPL46a2RjcuhwBMYf49BOuJ98gnA==
  dependencies:
    "@babel/helper-plugin-utils" "^8.0.1"

"@babel/plugin-transform-typeof-symbol@^8.0.1":
  version "8.0.1"
  resolved "https://registry.npmjs.org/@babel/plugin-transform-typeof-symbol/-/plugin-transform-typeof-symbol-8.0.1.tgz"
  integrity sha512-+wJoxgxP2gtey0UMUOMhzMMji2XHO/Uu6MXUh/r5Yhc2jngKzK/wFxY2WNe4UCaRcMvCb4gcnB8wIgFXJsocXg==
  dependencies:
    "@babel/helper-plugin-utils" "^8.0.1"

"@babel/plugin-transform-unicode-escapes@^8.0.1":
  version "8.0.1"
  resolved "https://registry.npmjs.org/@babel/plugin-transform-unicode-escapes/-/plugin-transform-unicode-escapes-8.0.1.tgz"
  integrity sha512-TAXJepIJ6vZphytTwcf+LuXi2M2ZWI43VCqNw+1ZZLPP/38Z1A8j4Mahvg8kqDgMOSM/cakk+hedTJCiw3jQuQ==
  dependencies:
    "@babel/helper-plugin-utils" "^8.0.1"

"@babel/plugin-transform-unicode-property-regex@^8.0.1":
  version "8.0.1"
  resolved "https://registry.npmjs.org/@babel/plugin-transform-unicode-property-regex/-/plugin-transform-unicode-property-regex-8.0.1.tgz"
  integrity sha512-zjBN9tSMSuomNDfurL69Gf7+v4D2t5uI1mSZaYJDo88SKpbduhCXqtxH7Tx66iCF6caWYwnBzSM0tnCozmQq5Q==
  dependencies:
    "@babel/helper-create-regexp-features-plugin" "^8.0.1"
    "@babel/helper-plugin-utils" "^8.0.1"

"@babel/plugin-transform-unicode-regex@^8.0.1":
  version "8.0.1"
  resolved "https://registry.npmjs.org/@babel/plugin-transform-unicode-regex/-/plugin-transform-unicode-regex-8.0.1.tgz"
  integrity sha512-v0oO83cvT5lwbcIVRShpx4vaHD8AvM9IBowsQuTeP+kGmhh3recJQs33Bl6dlo3/2g9amlznLbFGn4VJbPCJqA==
  dependencies:
    "@babel/helper-create-regexp-features-plugin" "^8.0.1"
    "@babel/helper-plugin-utils" "^8.0.1"

"@babel/plugin-transform-unicode-sets-regex@^8.0.1":
  version "8.0.1"
  resolved "https://registry.npmjs.org/@babel/plugin-transform-unicode-sets-regex/-/plugin-transform-unicode-sets-regex-8.0.1.tgz"
  integrity sha512-MlQeyS0K7gh0XNeLBMS/3Z07HjDOKhA7xm2L18GyxOXyiFHI9E+ZuQ4mFYmcLjluXsE/Wf6dABIqZvKpKw0Z3w==
  dependencies:
    "@babel/helper-create-regexp-features-plugin" "^8.0.1"
    "@babel/helper-plugin-utils" "^8.0.1"

"@babel/preset-env@^8.0.2":
  version "8.0.2"
  resolved "https://registry.npmjs.org/@babel/preset-env/-/preset-env-8.0.2.tgz"
  integrity sha512-CUGLn9hNBCF/eXnwdFAWERbniCcXCRvnKwLV9fegeUEIqv7YlU2MepsWMMM54GcILx5XYMnRh+JAL+K5G+mK6g==
  dependencies:
    "@babel/compat-data" "^8.0.0"
    "@babel/helper-compilation-targets" "^8.0.0"
    "@babel/helper-plugin-utils" "^8.0.1"
    "@babel/helper-validator-option" "^8.0.0"
    "@babel/plugin-bugfix-firefox-class-in-computed-class-key" "^8.0.1"
    "@babel/plugin-bugfix-safari-class-field-initializer-scope" "^8.0.1"
    "@babel/plugin-bugfix-safari-id-destructuring-collision-in-function-expression" "^8.0.1"
    "@babel/plugin-bugfix-safari-rest-destructuring-rhs-array" "^8.0.1"
    "@babel/plugin-bugfix-v8-spread-parameters-in-optional-chaining" "^8.0.1"
    "@babel/plugin-bugfix-v8-static-class-fields-redefine-readonly" "^8.0.1"
    "@babel/plugin-transform-arrow-functions" "^8.0.1"
    "@babel/plugin-transform-async-generator-functions" "^8.0.1"
    "@babel/plugin-transform-async-to-generator" "^8.0.1"
    "@babel/plugin-transform-block-scoped-functions" "^8.0.1"
    "@babel/plugin-transform-block-scoping" "^8.0.1"
    "@babel/plugin-transform-class-properties" "^8.0.1"
    "@babel/plugin-transform-class-static-block" "^8.0.1"
    "@babel/plugin-transform-classes" "^8.0.1"
    "@babel/plugin-transform-computed-properties" "^8.0.1"
    "@babel/plugin-transform-destructuring" "^8.0.1"
    "@babel/plugin-transform-dotall-regex" "^8.0.1"
    "@babel/plugin-transform-duplicate-keys" "^8.0.1"
    "@babel/plugin-transform-duplicate-named-capturing-groups-regex" "^8.0.1"
    "@babel/plugin-transform-dynamic-import" "^8.0.1"
    "@babel/plugin-transform-explicit-resource-management" "^8.0.1"
    "@babel/plugin-transform-exponentiation-operator" "^8.0.1"
    "@babel/plugin-transform-export-namespace-from" "^8.0.1"
    "@babel/plugin-transform-for-of" "^8.0.1"
    "@babel/plugin-transform-function-name" "^8.0.1"
    "@babel/plugin-transform-json-strings" "^8.0.1"
    "@babel/plugin-transform-literals" "^8.0.1"
    "@babel/plugin-transform-logical-assignment-operators" "^8.0.1"
    "@babel/plugin-transform-member-expression-literals" "^8.0.1"
    "@babel/plugin-transform-modules-amd" "^8.0.1"
    "@babel/plugin-transform-modules-commonjs" "^8.0.1"
    "@babel/plugin-transform-modules-systemjs" "^8.0.1"
    "@babel/plugin-transform-modules-umd" "^8.0.1"
    "@babel/plugin-transform-named-capturing-groups-regex" "^8.0.1"
    "@babel/plugin-transform-new-target" "^8.0.1"
    "@babel/plugin-transform-nullish-coalescing-operator" "^8.0.1"
    "@babel/plugin-transform-numeric-separator" "^8.0.1"
    "@babel/plugin-transform-object-rest-spread" "^8.0.1"
    "@babel/plugin-transform-object-super" "^8.0.1"
    "@babel/plugin-transform-optional-catch-binding" "^8.0.1"
    "@babel/plugin-transform-optional-chaining" "^8.0.1"
    "@babel/plugin-transform-parameters" "^8.0.1"
    "@babel/plugin-transform-private-methods" "^8.0.1"
    "@babel/plugin-transform-private-property-in-object" "^8.0.1"
    "@babel/plugin-transform-property-literals" "^8.0.1"
    "@babel/plugin-transform-regenerator" "^8.0.2"
    "@babel/plugin-transform-regexp-modifiers" "^8.0.1"
    "@babel/plugin-transform-reserved-words" "^8.0.1"
    "@babel/plugin-transform-shorthand-properties" "^8.0.1"
    "@babel/plugin-transform-spread" "^8.0.1"
    "@babel/plugin-transform-sticky-regex" "^8.0.1"
    "@babel/plugin-transform-template-literals" "^8.0.1"
    "@babel/plugin-transform-typeof-symbol" "^8.0.1"
    "@babel/plugin-transform-unicode-escapes" "^8.0.1"
    "@babel/plugin-transform-unicode-property-regex" "^8.0.1"
    "@babel/plugin-transform-unicode-regex" "^8.0.1"
    "@babel/plugin-transform-unicode-sets-regex" "^8.0.1"
    "@babel/preset-modules" "^0.2.0"
    babel-plugin-polyfill-corejs3 "^1.0.0"
    core-js-compat "^3.48.0"
    semver "^7.7.3"

"@babel/preset-modules@^0.2.0":
  version "0.2.0"
  resolved "https://registry.npmjs.org/@babel/preset-modules/-/preset-modules-0.2.0.tgz"
  integrity sha512-yz0RBN2fx4fjCeFcTWsWgL7PxSRltvTa0Qg14HkWCU3qS8MO7ZSJlBVbGceynd5C9NsJwwUHNQD3dc6tYO+jqQ==
  dependencies:
    "@babel/helper-plugin-utils" "^8.0.1"
    "@babel/plugin-transform-dotall-regex" "^8.0.1"
    "@babel/plugin-transform-unicode-property-regex" "^8.0.1"
    "@babel/types" "^8.0.0"
    esutils "^2.0.2"

"@babel/template@^8.0.0":
  version "8.0.0"
  resolved "https://registry.npmjs.org/@babel/template/-/template-8.0.0.tgz"
  integrity sha512-eAD0QW/AlbamBbw0FeGiwasbCVPq5ncW0HNVyLP3B9czqLyh4gvw+5JTSNt6le9+ziAU7mqDZsKTHf3jTb4chQ==
  dependencies:
    "@babel/code-frame" "^8.0.0"
    "@babel/parser" "^8.0.0"
    "@babel/types" "^8.0.0"

"@babel/traverse@^8.0.0":
  version "8.0.0"
  resolved "https://registry.npmjs.org/@babel/traverse/-/traverse-8.0.0.tgz"
  integrity sha512-bxTj/W2VclGE6CctlfQOpxg8MPDzXArRqkOBePw8EHfebcjF7fETWSS3BriEECo+UiU/Yblq+xUtSImFu7cTbw==
  dependencies:
    "@babel/code-frame" "^8.0.0"
    "@babel/generator" "^8.0.0"
    "@babel/helper-globals" "^8.0.0"
    "@babel/parser" "^8.0.0"
    "@babel/template" "^8.0.0"
    "@babel/types" "^8.0.0"
    obug "^2.1.1"

"@babel/types@^8.0.0":
  version "8.0.0"
  resolved "https://registry.npmjs.org/@babel/types/-/types-8.0.0.tgz"
  integrity sha512-K8ponJDxBwDHigkeFqaqT5wLGl4bTlwMafR8k7b5CPxr6Ww+UG9ls8Yx6Tcpboxu97eeGVEEyKcHmEyOwN1vSw==
  dependencies:
    "@babel/helper-string-parser" "^8.0.0"
    "@babel/helper-validator-identifier" "^8.0.0"

"@jridgewell/gen-mapping@^0.3.12":
  version "0.3.13"
  resolved "https://registry.npmjs.org/@jridgewell/gen-mapping/-/gen-mapping-0.3.13.tgz"
  integrity sha512-2kkt/7niJ6MgEPxF0bYdQ6etZaA+fQvDcLKckhy1yIQOzaoKjBBjSj63/aLVjYE3qhRt5dvM+uUyfCg6UKCBbA==
  dependencies:
    "@jridgewell/sourcemap-codec" "^1.5.0"
    "@jridgewell/trace-mapping" "^0.3.24"

"@jridgewell/resolve-uri@^3.1.0":
  version "3.1.2"
  resolved "https://registry.npmjs.org/@jridgewell/resolve-uri/-/resolve-uri-3.1.2.tgz"
  integrity sha512-bRISgCIjP20/tbWSPWMEi54QVPRZExkuD9lJL+UIxUKtwVJA8wW1Trb1jMs1RFXo1CBTNZ/5hpC9QvmKWdopKw==

"@jridgewell/sourcemap-codec@^1.4.14", "@jridgewell/sourcemap-codec@^1.5.0":
  version "1.5.5"
  resolved "https://registry.npmjs.org/@jridgewell/sourcemap-codec/-/sourcemap-codec-1.5.5.tgz"
  integrity sha512-cYQ9310grqxueWbl+WuIUIaiUaDcj7WOq5fVhEljNVgRfOUhY9fy2zTvfoqWsnebh8Sl70VScFbICvJnLKB0Og==

"@jridgewell/trace-mapping@^0.3.24", "@jridgewell/trace-mapping@^0.3.28":
  version "0.3.31"
  resolved "https://registry.npmjs.org/@jridgewell/trace-mapping/-/trace-mapping-0.3.31.tgz"
  integrity sha512-zzNR+SdQSDJzc8joaeP8QQoCQr8NuYx2dIIytl1QeBEZHJ9uW6hebsrYgbz8hJwUQao3TWCMtmfV8Nu1twOLAw==
  dependencies:
    "@jridgewell/resolve-uri" "^3.1.0"
    "@jridgewell/sourcemap-codec" "^1.4.14"

"@types/gensync@^1.0.5":
  version "1.0.5"
  resolved "https://registry.npmjs.org/@types/gensync/-/gensync-1.0.5.tgz"
  integrity sha512-MbsRCT7mTikHwKZ0X+LVUTLRrZZRLipTuXEO9qOYO+zmjMVk81axyClMROf6uoPD9MRVu46bx8zoR0Ad9q3NAg==

"@types/jsesc@^2.5.0":
  version "2.5.1"
  resolved "https://registry.npmjs.org/@types/jsesc/-/jsesc-2.5.1.tgz"
  integrity sha512-9VN+6yxLOPLOav+7PwjZbxiID2bVaeq0ED4qSQmdQTdjnXJSaCVKTR58t15oqH1H5t8Ng2ZX1SabJVoN9Q34bw==

babel-plugin-polyfill-corejs3@^1.0.0:
  version "1.0.0"
  resolved "https://registry.npmjs.org/babel-plugin-polyfill-corejs3/-/babel-plugin-polyfill-corejs3-1.0.0.tgz"
  integrity sha512-yIkslVjbmml2Xjb6XhFW7lISXHsqk6cesxTdDsXoMom4Lnb99DbD3OQbSOoM5Z+ASh8YXYaLAsRQrU2Jeh3Qig==
  dependencies:
    "@babel/helper-define-polyfill-provider" "^1.0.0"
    core-js-compat "^3.48.0"

baseline-browser-mapping@^2.11.20:
  version "2.11.21"
  resolved "https://registry.yarnpkg.com/baseline-browser-mapping/-/baseline-browser-mapping-2.11.21.tgz#99af73cb8e54007e4f5345e132278e26c2662f2c"
  integrity sha512-uh8vpY/1/YyFkunIDFH/12p7/7VdPKA1hejMVEbdkEaWnUz0Hesvx5EbiU6XxjyHZIOju+ZMbQJkRh+es3/spQ==

browserslist@^4.24.0, browserslist@^4.28.1:
  version "4.28.9"
  resolved "https://registry.yarnpkg.com/browserslist/-/browserslist-4.28.9.tgz#07ce6b449b90af880eb9bfb7cd39372cc4f71c8c"
  integrity sha512-EWazOblFYUvlGZcfGhPUPmYh3nikUxBVb+y9MJun5f3hBi812X+8MSQTujLBtgK3cf51fJWbWfOjyeO954d+Eg==
  dependencies:
    baseline-browser-mapping "^2.11.20"
    caniuse-lite "^1.0.30001810"
    electron-to-chromium "^1.5.420"
    node-releases "^2.0.54"
    update-browserslist-db "^1.3.2"

caniuse-lite@^1.0.30001810:
  version "1.0.30001810"
  resolved "https://registry.yarnpkg.com/caniuse-lite/-/caniuse-lite-1.0.30001810.tgz#4970b477dea3278374de9bc43aa8f5d39fc3cda2"
  integrity sha512-TITQPUkaz+aVk5GL6NhOdwk1aEaNTSDPsGFWrTuhKGtjTF70jL/Oht2W4c6rXUe5fu7Ie19VIahAXHIIiWWNeg==

convert-source-map@^2.0.0:
  version "2.0.0"
  resolved "https://registry.npmjs.org/convert-source-map/-/convert-source-map-2.0.0.tgz"
  integrity sha512-Kvp459HrV2FEJ1CAsi1Ku+MY3kasH19TFykTz2xWmMeq6bk2NU3XXvfJ+Q61m0xktWwt+1HSYf3JZsTms3aRJg==

core-js-compat@^3.48.0:
  version "3.49.0"
  resolved "https://registry.npmjs.org/core-js-compat/-/core-js-compat-3.49.0.tgz"
  integrity sha512-VQXt1jr9cBz03b331DFDCCP90b3fanciLkgiOoy8SBHy06gNf+vQ1A3WFLqG7I8TipYIKeYK9wxd0tUrvHcOZA==
  dependencies:
    browserslist "^4.28.1"

electron-to-chromium@^1.5.420:
  version "1.5.422"
  resolved "https://registry.yarnpkg.com/electron-to-chromium/-/electron-to-chromium-1.5.422.tgz#e27fb1ca0e6bef612a647022e1469701fea9ee1f"
  integrity sha512-UvA/32XqrLDdZSn7Jllo1AYNcWji/G0d5M0GTViE7KoGBiMunw3a34Sb2KO4ZZyrSEhqsxFoVhWWJshdyfKqJA==

empathic@^2.0.1:
  version "2.0.1"
  resolved "https://registry.npmjs.org/empathic/-/empathic-2.0.1.tgz"
  integrity sha512-YGRs8knHhKHVShLkFET/rWAU8kmHbOV5LwN938RHI0pljAJ1Gf6SzXsSmRaEzcXTtOOmVqJ5+WtQPL5uigY50Q==

escalade@^3.2.0:
  version "3.2.0"
  resolved "https://registry.npmjs.org/escalade/-/escalade-3.2.0.tgz"
  integrity sha512-WUj2qlxaQtO4g6Pq5c29GTcWGDyd8itL8zTlipgECz3JesAiiOKotd8JU6otB3PACgG6xkJUyVhboMS+bje/jA==

esutils@^2.0.2:
  version "2.0.3"
  resolved "https://registry.npmjs.org/esutils/-/esutils-2.0.3.tgz"
  integrity sha512-kVscqXk4OCp68SZ0dkgEKVi6/8ij300KBWTJq32P/dYeWTSwK41WyTxalN1eRmA5Z9UU/LX9D7FWSmV9SAYx6g==

gensync@^1.0.0-beta.2:
  version "1.0.0-beta.2"
  resolved "https://registry.npmjs.org/gensync/-/gensync-1.0.0-beta.2.tgz"
  integrity sha512-3hN7NaskYvMDLQY55gnW3NQ+mesEAepTqlg+VEbj7zzqEMBVNhzcGYYeqFo/TlYz6eQiFcp1HcsCZO+nGgS8zg==

import-meta-resolve@^4.2.0:
  version "4.2.0"
  resolved "https://registry.npmjs.org/import-meta-resolve/-/import-meta-resolve-4.2.0.tgz"
  integrity sha512-Iqv2fzaTQN28s/FwZAoFq0ZSs/7hMAHJVX+w8PZl3cY19Pxk6jFFalxQoIfW2826i/fDLXv8IiEZRIT0lDuWcg==

js-tokens@^10.0.0:
  version "10.0.0"
  resolved "https://registry.npmjs.org/js-tokens/-/js-tokens-10.0.0.tgz"
  integrity sha512-lM/UBzQmfJRo9ABXbPWemivdCW8V2G8FHaHdypQaIy523snUjog0W71ayWXTjiR+ixeMyVHN2XcpnTd/liPg/Q==

jsesc@^3.0.2, jsesc@~3.1.0:
  version "3.1.0"
  resolved "https://registry.npmjs.org/jsesc/-/jsesc-3.1.0.tgz"
  integrity sha512-/sM3dO2FOzXjKQhJuo0Q173wf2KOo8t4I8vHy6lF9poUp7bKT0/NHE8fPX23PwfhnykfqnC2xRxOnVw5XuGIaA==

json5@^2.2.3:
  version "2.2.3"
  resolved "https://registry.npmjs.org/json5/-/json5-2.2.3.tgz"
  integrity sha512-XmOWe7eyHYH14cLdVPoyg+GOH3rYX++KpzrylJwSW98t3Nk+U8XOl8FWKOgwtzdb8lXGf6zYwDUzeHMWfxasyg==

lodash.debounce@^4.0.8:
  version "4.0.8"
  resolved "https://registry.npmjs.org/lodash.debounce/-/lodash.debounce-4.0.8.tgz"
  integrity sha512-FT1yDzDYEoYWhnSGnpE/4Kj1fLZkDFyqRb7fNt6FdYOSxlUWAtp42Eh6Wb0rGIv/m9Bgo7x4GhQbm5Ys4SG5ow==

lru-cache@^11.0.0:
  version "11.5.1"
  resolved "https://registry.npmjs.org/lru-cache/-/lru-cache-11.5.1.tgz"
  integrity sha512-RPimw/7aMdv2oqRrxKwvZXcPfwBrn/JZ2xYcY9Hus/6LaS3VOAKVWKWgNLCFSiOm1ESXinjsDlidVU7JlnCN2A==

node-releases@^2.0.54:
  version "2.0.54"
  resolved "https://registry.yarnpkg.com/node-releases/-/node-releases-2.0.54.tgz#09af17d5647aa9f221ec5cf2becb95b68a981afe"
  integrity sha512-YHs7BmmcsdAI5Ozuf8JZo6PT0mv2GIWC9vMfvUC3dp65M8hn7Ux8CPL+2oBI7juNuj9d0ndhTcznq2ODBps9cQ==

obug@^2.1.1:
  version "2.1.3"
  resolved "https://registry.npmjs.org/obug/-/obug-2.1.3.tgz"
  integrity sha512-9miFgM2OFba7hB+pRgvtV84pYTBaoTHohvmIgiRt6dRIzbwEOIaNaP+dIlGs2fNFoB0SeISs0Jz5WFVRid6Xyg==

picocolors@^1.1.1:
  version "1.1.1"
  resolved "https://registry.npmjs.org/picocolors/-/picocolors-1.1.1.tgz"
  integrity sha512-xceH2snhtb5M9liqDsmEw56le376mTZkEX/jEb/RxNFyegNul7eNslCXP9FDj/Lcu0X8KEyMceP2ntpaHrDEVA==

regenerate-unicode-properties@^10.2.2:
  version "10.2.2"
  resolved "https://registry.npmjs.org/regenerate-unicode-properties/-/regenerate-unicode-properties-10.2.2.tgz"
  integrity sha512-m03P+zhBeQd1RGnYxrGyDAPpWX/epKirLrp8e3qevZdVkKtnCrjjWczIbYc8+xd6vcTStVlqfycTx1KR4LOr0g==
  dependencies:
    regenerate "^1.4.2"

regenerate@^1.4.2:
  version "1.4.2"
  resolved "https://registry.npmjs.org/regenerate/-/regenerate-1.4.2.tgz"
  integrity sha512-zrceR/XhGYU/d/opr2EKO7aRHUeiBI8qjtfHqADTwZd6Szfy16la6kqD0MIUs5z5hx6AaKa+PixpPrR289+I0A==

regexpu-core@^6.3.1:
  version "6.4.0"
  resolved "https://registry.npmjs.org/regexpu-core/-/regexpu-core-6.4.0.tgz"
  integrity sha512-0ghuzq67LI9bLXpOX/ISfve/Mq33a4aFRzoQYhnnok1JOFpmE/A2TBGkNVenOGEeSBCjIiWcc6MVOG5HEQv0sA==
  dependencies:
    regenerate "^1.4.2"
    regenerate-unicode-properties "^10.2.2"
    regjsgen "^0.8.0"
    regjsparser "^0.13.0"
    unicode-match-property-ecmascript "^2.0.0"
    unicode-match-property-value-ecmascript "^2.2.1"

regjsgen@^0.8.0:
  version "0.8.0"
  resolved "https://registry.npmjs.org/regjsgen/-/regjsgen-0.8.0.tgz"
  integrity sha512-RvwtGe3d7LvWiDQXeQw8p5asZUmfU1G/l6WbUXeHta7Y2PEIvBTwH6E2EfmYUK8pxcxEdEmaomqyp0vZZ7C+3Q==

regjsparser@^0.13.0:
  version "0.13.2"
  resolved "https://registry.npmjs.org/regjsparser/-/regjsparser-0.13.2.tgz"
  integrity sha512-NgRBy2Nx/bE+9F27nVHnqcN5HjyLmecqsqx2PJHu3/IEtADD4WuxuXIVExD5PoSDFVrl78dOonfcOe5O+5nbzQ==
  dependencies:
    jsesc "~3.1.0"

semver@^7.7.3:
  version "7.8.5"
  resolved "https://registry.npmjs.org/semver/-/semver-7.8.5.tgz"
  integrity sha512-Y7/KDsb8LjooZpwaqGyulO6DQlksgCncchHGk+sZIY4SBvUocMBEFH5Ur1fI4dV+Jvl0w6cjvucaIi40puRioA==

uglify-js@^3.19.3:
  version "3.19.3"
  resolved "https://registry.npmjs.org/uglify-js/-/uglify-js-3.19.3.tgz"
  integrity sha512-v3Xu+yuwBXisp6QYTcH4UbH+xYJXqnq2m/LtQVWKWzYc1iehYnLixoQDN9FH6/j9/oybfd6W9Ghwkl8+UMKTKQ==

unicode-canonical-property-names-ecmascript@^2.0.0:
  version "2.0.1"
  resolved "https://registry.npmjs.org/unicode-canonical-property-names-ecmascript/-/unicode-canonical-property-names-ecmascript-2.0.1.tgz"
  integrity sha512-dA8WbNeb2a6oQzAQ55YlT5vQAWGV9WXOsi3SskE3bcCdM0P4SDd+24zS/OCacdRq5BkdsRj9q3Pg6YyQoxIGqg==

unicode-match-property-ecmascript@^2.0.0:
  version "2.0.0"
  resolved "https://registry.npmjs.org/unicode-match-property-ecmascript/-/unicode-match-property-ecmascript-2.0.0.tgz"
  integrity sha512-5kaZCrbp5mmbz5ulBkDkbY0SsPOjKqVS35VpL9ulMPfSl0J0Xsm+9Evphv9CoIZFwre7aJoa94AY6seMKGVN5Q==
  dependencies:
    unicode-canonical-property-names-ecmascript "^2.0.0"
    unicode-property-aliases-ecmascript "^2.0.0"

unicode-match-property-value-ecmascript@^2.2.1:
  version "2.2.1"
  resolved "https://registry.npmjs.org/unicode-match-property-value-ecmascript/-/unicode-match-property-value-ecmascript-2.2.1.tgz"
  integrity sha512-JQ84qTuMg4nVkx8ga4A16a1epI9H6uTXAknqxkGF/aFfRLw1xC/Bp24HNLaZhHSkWd3+84t8iXnp1J0kYcZHhg==

unicode-property-aliases-ecmascript@^2.0.0:
  version "2.2.0"
  resolved "https://registry.npmjs.org/unicode-property-aliases-ecmascript/-/unicode-property-aliases-ecmascript-2.2.0.tgz"
  integrity sha512-hpbDzxUY9BFwX+UeBnxv3Sh1q7HFxj48DTmXchNgRa46lO8uj3/1iEn3MiNUYTg1g9ctIqXCCERn8gYZhHC5lQ==

update-browserslist-db@^1.3.2:
  version "1.3.2"
  resolved "https://registry.yarnpkg.com/update-browserslist-db/-/update-browserslist-db-1.3.2.tgz#9d99fbff56c50bb11ba5fd35cece5916da595836"
  integrity sha512-UQ+MSxlhRm1bzjhU+DcuXfjFO1FzNtqhK5+9Yvlp90ItDLk5vT932A0rFu619nf7RVS+Y/VeaUW1jaRDqZ8VJw==
  dependencies:
    escalade "^3.2.0"
    picocolors "^1.1.1"
